
Microsoft Visual Studio Solution File, Format Version 12.00
# Visual Studio Version 17
VisualStudioVersion = 17.11.35219.272
MinimumVisualStudioVersion = 10.0.40219.1
Project("{FAE04EC0-301F-11D3-BF4B-00C04F79EFBC}") = "LearningHub.API", "LearningHub.API\LearningHub.API.csproj", "{D28E5E0C-A89D-43E0-873D-433884B8D468}"
EndProject
Project("{FAE04EC0-301F-11D3-BF4B-00C04F79EFBC}") = "LearningHub.Core", "LearningHub.Core\LearningHub.Core.csproj", "{21265FD7-191F-4530-8B00-7F2C44684B45}"
EndProject
Project("{FAE04EC0-301F-11D3-BF4B-00C04F79EFBC}") = "LeaningHub.Infra", "LeaningHub.Infra\LeaningHub.Infra.csproj", "{6E06765B-C7FA-4E72-928F-7599B52F635E}"
EndProject
Global
	GlobalSection(SolutionConfigurationPlatforms) = preSolution
		Debug|Any CPU = Debug|Any CPU
		Release|Any CPU = Release|Any CPU
	EndGlobalSection
	GlobalSection(ProjectConfigurationPlatforms) = postSolution
		{D28E5E0C-A89D-43E0-873D-433884B8D468}.Debug|Any CPU.ActiveCfg = Debug|Any CPU
		{D28E5E0C-A89D-43E0-873D-433884B8D468}.Debug|Any CPU.Build.0 = Debug|Any CPU
		{D28E5E0C-A89D-43E0-873D-433884B8D468}.Release|Any CPU.ActiveCfg = Release|Any CPU
		{D28E5E0C-A89D-43E0-873D-433884B8D468}.Release|Any CPU.Build.0 = Release|Any CPU
		{21265FD7-191F-4530-8B00-7F2C44684B45}.Debug|Any CPU.ActiveCfg = Debug|Any CPU
		{21265FD7-191F-4530-8B00-7F2C44684B45}.Debug|Any CPU.Build.0 = Debug|Any CPU
		{21265FD7-191F-4530-8B00-7F2C44684B45}.Release|Any CPU.ActiveCfg = Release|Any CPU
		{21265FD7-191F-4530-8B00-7F2C44684B45}.Release|Any CPU.Build.0 = Release|Any CPU
		{6E06765B-C7FA-4E72-928F-7599B52F635E}.Debug|Any CPU.ActiveCfg = Debug|Any CPU
		{6E06765B-C7FA-4E72-928F-7599B52F635E}.Debug|Any CPU.Build.0 = Debug|Any CPU
		{6E06765B-C7FA-4E72-928F-7599B52F635E}.Release|Any CPU.ActiveCfg = Release|Any CPU
		{6E06765B-C7FA-4E72-928F-7599B52F635E}.Release|Any CPU.Build.0 = Release|Any CPU
	EndGlobalSection
	GlobalSection(SolutionProperties) = preSolution
		HideSolutionNode = FALSE
	EndGlobalSection
	GlobalSection(ExtensibilityGlobals) = postSolution
		SolutionGuid = {0D341134-8F39-4B78-AAC8-24D96C46EA17}
	EndGlobalSection
EndGlobal
